github.com/dvdksn/other-go-project v0.0.0-20240307133000-6f0dfa249f6d h1:fx/y0J6YPud62Hpwzm2ijCJ0BW7dbMI5onQ0bsMIXDQ=
github.com/dvdksn/other-go-project v0.0.0-20240307133000-6f0dfa249f6d/go.mod h1:+X3SOS5y8jLBNrDZ13HEdltHecAMTWDH+8DThoSs1eU=
github.com/dvdksn/other-go-project v0.0.0-20240308075511-c554f785b2fa h1:9CcAAM2KM37sMRXPhXcOGICP5jJSsZv3vzvfnCSUszY=
github.com/dvdksn/other-go-project v0.0.0-20240308075511-c554f785b2fa/go.mod h1:+X3SOS5y8jLBNrDZ13HEdltHecAMTWDH+8DThoSs1eU=
